<Solution>
  <Folder Name="/src/">
    <Project Path="src/Matrix/Matrix.csproj" />
    <Project Path="src/Matrix.CsvProcessing/Matrix.CsvProcessing.csproj" />
    <Project Path="src/Matrix.DependencyInjection/Matrix.DependencyInjection.csproj" />
    <Project Path="src/Matrix.JsonSerialization/Matrix.JsonSerialization.csproj" />
    <Project Path="src/Matrix.ObjectMapping/Matrix.ObjectMapping.csproj" />
    <Project Path="src/Matrix.Validation/Matrix.Validation.csproj" />
    <Project Path="src/Matrix.Web/Matrix.Web.csproj" />
  </Folder>
  <Project Path="build/build.csproj" />
</Solution>
